
Microsoft Visual Studio Solution File, Format Version 12.00
# Visual Studio 15
VisualStudioVersion = 15.0.28307.271
MinimumVisualStudioVersion = 10.0.40219.1
Project("{FAE04EC0-301F-11D3-BF4B-00C04F79EFBC}") = "WindowsForms00", "WindowsForms00\WindowsForms00.csproj", "{6A989504-9EA9-4605-A284-B21597D36298}"
EndProject
Global
	GlobalSection(SolutionConfigurationPlatforms) = preSolution
		Debug|Any CPU = Debug|Any CPU
		Release|Any CPU = Release|Any CPU
	EndGlobalSection
	GlobalSection(ProjectConfigurationPlatforms) = postSolution
		{6A989504-9EA9-4605-A284-B21597D36298}.Debug|Any CPU.ActiveCfg = Debug|Any CPU
		{6A989504-9EA9-4605-A284-B21597D36298}.Debug|Any CPU.Build.0 = Debug|Any CPU
		{6A989504-9EA9-4605-A284-B21597D36298}.Release|Any CPU.ActiveCfg = Release|Any CPU
		{6A989504-9EA9-4605-A284-B21597D36298}.Release|Any CPU.Build.0 = Release|Any CPU
	EndGlobalSection
	GlobalSection(SolutionProperties) = preSolution
		HideSolutionNode = FALSE
	EndGlobalSection
	GlobalSection(ExtensibilityGlobals) = postSolution
		SolutionGuid = {22D43E84-5559-44AE-BE86-8F371EB3D498}
	EndGlobalSection
EndGlobal
